
Microsoft Visual Studio Solution File, Format Version 12.00
# Visual Studio Version 16
VisualStudioVersion = 16.0.31112.23
MinimumVisualStudioVersion = 10.0.40219.1
Project("{9A19103F-16F7-4668-BE54-9A1E7A4F7556}") = "HK.Toolkit", "HK.Toolkit.Core\HK.Toolkit.csproj", "{F12EA311-DAC7-4735-863C-8DD35DDDE644}"
EndProject
Project("{FAE04EC0-301F-11D3-BF4B-00C04F79EFBC}") = "HK.ToolKit.UnitTests", "HK.ToolKit.UnitTests\HK.ToolKit.UnitTests.csproj", "{0C5B18F8-D334-4DF9-910B-C15EA7612A8C}"
EndProject
Global
	GlobalSection(SolutionConfigurationPlatforms) = preSolution
		Debug|Any CPU = Debug|Any CPU
		Release|Any CPU = Release|Any CPU
	EndGlobalSection
	GlobalSection(ProjectConfigurationPlatforms) = postSolution
		{F12EA311-DAC7-4735-863C-8DD35DDDE644}.Debug|Any CPU.ActiveCfg = Debug|Any CPU
		{F12EA311-DAC7-4735-863C-8DD35DDDE644}.Debug|Any CPU.Build.0 = Debug|Any CPU
		{F12EA311-DAC7-4735-863C-8DD35DDDE644}.Release|Any CPU.ActiveCfg = Release|Any CPU
		{F12EA311-DAC7-4735-863C-8DD35DDDE644}.Release|Any CPU.Build.0 = Release|Any CPU
		{0C5B18F8-D334-4DF9-910B-C15EA7612A8C}.Debug|Any CPU.ActiveCfg = Debug|Any CPU
		{0C5B18F8-D334-4DF9-910B-C15EA7612A8C}.Debug|Any CPU.Build.0 = Debug|Any CPU
		{0C5B18F8-D334-4DF9-910B-C15EA7612A8C}.Release|Any CPU.ActiveCfg = Release|Any CPU
		{0C5B18F8-D334-4DF9-910B-C15EA7612A8C}.Release|Any CPU.Build.0 = Release|Any CPU
	EndGlobalSection
	GlobalSection(SolutionProperties) = preSolution
		HideSolutionNode = FALSE
	EndGlobalSection
	GlobalSection(ExtensibilityGlobals) = postSolution
		SolutionGuid = {1E4DE5B1-7A47-460A-ADEA-EBFF0F0D1D2C}
	EndGlobalSection
EndGlobal
